
Microsoft Visual Studio Solution File, Format Version 12.00
# Visual Studio 15
VisualStudioVersion = 15.0.27428.2015
MinimumVisualStudioVersion = 10.0.40219.1
Project("{9A19103F-16F7-4668-BE54-9A1E7A4F7556}") = "webcouch", "WebApplication1\webcouch.csproj", "{99562E4D-CDBA-4257-86DA-9BAFC41F5F7D}"
EndProject
Project("{E53339B2-1760-4266-BCC7-CA923CBCF16C}") = "docker-compose", "docker-compose.dcproj", "{6AEF31AE-26AB-47E9-AA88-D498B72FF36C}"
EndProject
Global
	GlobalSection(SolutionConfigurationPlatforms) = preSolution
		Debug|Any CPU = Debug|Any CPU
		Release|Any CPU = Release|Any CPU
	EndGlobalSection
	GlobalSection(ProjectConfigurationPlatforms) = postSolution
		{99562E4D-CDBA-4257-86DA-9BAFC41F5F7D}.Debug|Any CPU.ActiveCfg = Debug|Any CPU
		{99562E4D-CDBA-4257-86DA-9BAFC41F5F7D}.Debug|Any CPU.Build.0 = Debug|Any CPU
		{99562E4D-CDBA-4257-86DA-9BAFC41F5F7D}.Release|Any CPU.ActiveCfg = Release|Any CPU
		{99562E4D-CDBA-4257-86DA-9BAFC41F5F7D}.Release|Any CPU.Build.0 = Release|Any CPU
		{6AEF31AE-26AB-47E9-AA88-D498B72FF36C}.Debug|Any CPU.ActiveCfg = Debug|Any CPU
		{6AEF31AE-26AB-47E9-AA88-D498B72FF36C}.Debug|Any CPU.Build.0 = Debug|Any CPU
		{6AEF31AE-26AB-47E9-AA88-D498B72FF36C}.Release|Any CPU.ActiveCfg = Release|Any CPU
		{6AEF31AE-26AB-47E9-AA88-D498B72FF36C}.Release|Any CPU.Build.0 = Release|Any CPU
	EndGlobalSection
	GlobalSection(SolutionProperties) = preSolution
		HideSolutionNode = FALSE
	EndGlobalSection
	GlobalSection(ExtensibilityGlobals) = postSolution
		SolutionGuid = {AF6D6849-94A2-4C91-AFEF-666DC268CA5D}
	EndGlobalSection
EndGlobal
